# THIS IS AN AUTOGENERATED FILE. DO NOT EDIT THIS FILE DIRECTLY.
# yarn lockfile v1


dotenv@^17.2.4:
  version "17.2.4"
  resolved "https://registry.yarnpkg.com/dotenv/-/dotenv-17.2.4.tgz#b5a0e2f015e0be287a5330a90bf0e804606504c2"
  integrity sha512-mudtfb4zRB4bVvdj0xRo+e6duH1csJRM8IukBqfTRvHotn9+LBXB8ynAidP9zHqoRC/fsllXgk4kCKlR21fIhw==
